
Microsoft Visual Studio Solution File, Format Version 12.00
# Visual Studio Version 17
VisualStudioVersion = 17.14.36603.0
MinimumVisualStudioVersion = 10.0.40219.1
Project("{FAE04EC0-301F-11D3-BF4B-00C04F79EFBC}") = "MinElementSearch", "kp1\MinElementSearch.csproj", "{346351C3-40EE-4B3D-BA7A-2D1212CA034A}"
EndProject
Project("{FAE04EC0-301F-11D3-BF4B-00C04F79EFBC}") = "Task2", "Task2\Task2.csproj", "{23EA7FB5-7525-47F3-8B26-16B5F442B7E4}"
EndProject
Global
	GlobalSection(SolutionConfigurationPlatforms) = preSolution
		Debug|Any CPU = Debug|Any CPU
		Release|Any CPU = Release|Any CPU
	EndGlobalSection
	GlobalSection(ProjectConfigurationPlatforms) = postSolution
		{346351C3-40EE-4B3D-BA7A-2D1212CA034A}.Debug|Any CPU.ActiveCfg = Debug|Any CPU
		{346351C3-40EE-4B3D-BA7A-2D1212CA034A}.Debug|Any CPU.Build.0 = Debug|Any CPU
		{346351C3-40EE-4B3D-BA7A-2D1212CA034A}.Release|Any CPU.ActiveCfg = Release|Any CPU
		{346351C3-40EE-4B3D-BA7A-2D1212CA034A}.Release|Any CPU.Build.0 = Release|Any CPU
		{23EA7FB5-7525-47F3-8B26-16B5F442B7E4}.Debug|Any CPU.ActiveCfg = Debug|Any CPU
		{23EA7FB5-7525-47F3-8B26-16B5F442B7E4}.Debug|Any CPU.Build.0 = Debug|Any CPU
		{23EA7FB5-7525-47F3-8B26-16B5F442B7E4}.Release|Any CPU.ActiveCfg = Release|Any CPU
		{23EA7FB5-7525-47F3-8B26-16B5F442B7E4}.Release|Any CPU.Build.0 = Release|Any CPU
	EndGlobalSection
	GlobalSection(SolutionProperties) = preSolution
		HideSolutionNode = FALSE
	EndGlobalSection
	GlobalSection(ExtensibilityGlobals) = postSolution
		SolutionGuid = {50172C6D-2A53-40C4-8656-01CDAF033F2A}
	EndGlobalSection
EndGlobal
